// !$*UTF8*$!
{
	archiveVersion = 1;
	classes = {
	};
	objectVersion = 46;
	objects = {

/* Begin PBXBuildFile section */
		161C6B361DC6C80A007BACC6 /* Radio.swift in Sources */ = {isa = PBXBuildFile; fileRef = 161C6B351DC6C80A007BACC6 /* Radio.swift */; };
		164573371DC6CC6F003B5E74 /* RadioModel.swift in Sources */ = {isa = PBXBuildFile; fileRef = 164573361DC6CC6F003B5E74 /* RadioModel.swift */; };
		16FC60C01DC6AC8D00FD0A36 /* AppDelegate.swift in Sources */ = {isa = PBXBuildFile; fileRef = 16FC60BF1DC6AC8D00FD0A36 /* AppDelegate.swift */; };
		16FC60C21DC6AC8D00FD0A36 /* ViewController.swift in Sources */ = {isa = PBXBuildFile; fileRef = 16FC60C11DC6AC8D00FD0A36 /* ViewController.swift */; };
		16FC60C51DC6AC8D00FD0A36 /* Main.storyboard in Resources */ = {isa = PBXBuildFile; fileRef = 16FC60C31DC6AC8D00FD0A36 /* Main.storyboard */; };
		16FC60C71DC6AC8D00FD0A36 /* Assets.xcassets in Resources */ = {isa = PBXBuildFile; fileRef = 16FC60C61DC6AC8D00FD0A36 /* Assets.xcassets */; };
		16FC60CA1DC6AC8D00FD0A36 /* LaunchScreen.storyboard in Resources */ = {isa = PBXBuildFile; fileRef = 16FC60C81DC6AC8D00FD0A36 /* LaunchScreen.storyboard */; };
		39F0EE83967B0727E7C34347 /* Pods_aniradime.framework in Frameworks */ = {isa = PBXBuildFile; fileRef = 0036E927118E826A278073B7 /* Pods_aniradime.framework */; };
/* End PBXBuildFile section */

/* Begin PBXFileReference section */
		0036E927118E826A278073B7 /* Pods_aniradime.framework */ = {isa = PBXFileReference; explicitFileType = wrapper.framework; includeInIndex = 0; path = Pods_aniradime.framework; sourceTree = BUILT_PRODUCTS_DIR; };
		161C6B351DC6C80A007BACC6 /* Radio.swift */ = {isa = PBXFileReference; fileEncoding = 4; lastKnownFileType = sourcecode.swift; path = Radio.swift; sourceTree = "<group>"; };
		164573361DC6CC6F003B5E74 /* RadioModel.swift */ = {isa = PBXFileReference; fileEncoding = 4; lastKnownFileType = sourcecode.swift; path = RadioModel.swift; sourceTree = "<group>"; };
		16FC60BC1DC6AC8D00FD0A36 /* aniradime.app */ = {isa = PBXFileReference; explicitFileType = wrapper.application; includeInIndex = 0; path = aniradime.app; sourceTree = BUILT_PRODUCTS_DIR; };
		16FC60BF1DC6AC8D00FD0A36 /* AppDelegate.swift */ = {isa = PBXFileReference; lastKnownFileType = sourcecode.swift; path = AppDelegate.swift; sourceTree = "<group>"; };
		16FC60C11DC6AC8D00FD0A36 /* ViewController.swift */ = {isa = PBXFileReference; lastKnownFileType = sourcecode.swift; path = ViewController.swift; sourceTree = "<group>"; };
		16FC60C41DC6AC8D00FD0A36 /* Base */ = {isa = PBXFileReference; lastKnownFileType = file.storyboard; name = Base; path = Base.lproj/Main.storyboard; sourceTree = "<group>"; };
		16FC60C61DC6AC8D00FD0A36 /* Assets.xcassets */ = {isa = PBXFileReference; lastKnownFileType = folder.assetcatalog; path = Assets.xcassets; sourceTree = "<group>"; };
		16FC60C91DC6AC8D00FD0A36 /* Base */ = {isa = PBXFileReference; lastKnownFileType = file.storyboard; name = Base; path = Base.lproj/LaunchScreen.storyboard; sourceTree = "<group>"; };
		16FC60CB1DC6AC8D00FD0A36 /* Info.plist */ = {isa = PBXFileReference; lastKnownFileType = text.plist.xml; path = Info.plist; sourceTree = "<group>"; };
		247E6829F5E5E7D4320191C7 /* Pods-aniradime.release.xcconfig */ = {isa = PBXFileReference; includeInIndex = 1; lastKnownFileType = text.xcconfig; name = "Pods-aniradime.release.xcconfig"; path = "Pods/Target Support Files/Pods-aniradime/Pods-aniradime.release.xcconfig"; sourceTree = "<group>"; };
		A25C60E3F35BF9BC1D74ACD5 /* Pods-aniradime.debug.xcconfig */ = {isa = PBXFileReference; includeInIndex = 1; lastKnownFileType = text.xcconfig; name = "Pods-aniradime.debug.xcconfig"; path = "Pods/Target Support Files/Pods-aniradime/Pods-aniradime.debug.xcconfig"; sourceTree = "<group>"; };
/* End PBXFileReference section */

/* Begin PBXFrameworksBuildPhase section */
		16FC60B91DC6AC8D00FD0A36 /* Frameworks */ = {
			isa = PBXFrameworksBuildPhase;
			buildActionMask = 2147483647;
			files = (
				39F0EE83967B0727E7C34347 /* Pods_aniradime.framework in Frameworks */,
			);
			runOnlyForDeploymentPostprocessing = 0;
		};
/* End PBXFrameworksBuildPhase section */

/* Begin PBXGroup section */
		00379BF29100580EC99CBEEB /* Frameworks */ = {
			isa = PBXGroup;
			children = (
				0036E927118E826A278073B7 /* Pods_aniradime.framework */,
			);
			name = Frameworks;
			sourceTree = "<group>";
		};
		16FC60B31DC6AC8D00FD0A36 = {
			isa = PBXGroup;
			children = (
				16FC60BE1DC6AC8D00FD0A36 /* aniradime */,
				16FC60BD1DC6AC8D00FD0A36 /* Products */,
				9E53B1985C69FE91079B7CED /* Pods */,
				00379BF29100580EC99CBEEB /* Frameworks */,
			);
			sourceTree = "<group>";
		};
		16FC60BD1DC6AC8D00FD0A36 /* Products */ = {
			isa = PBXGroup;
			children = (
				16FC60BC1DC6AC8D00FD0A36 /* aniradime.app */,
			);
			name = Products;
			sourceTree = "<group>";
		};
		16FC60BE1DC6AC8D00FD0A36 /* aniradime */ = {
			isa = PBXGroup;
			children = (
				16FC60BF1DC6AC8D00FD0A36 /* AppDelegate.swift */,
				16FC60C11DC6AC8D00FD0A36 /* ViewController.swift */,
				16FC60C31DC6AC8D00FD0A36 /* Main.storyboard */,
				16FC60C61DC6AC8D00FD0A36 /* Assets.xcassets */,
				16FC60C81DC6AC8D00FD0A36 /* LaunchScreen.storyboard */,
				16FC60CB1DC6AC8D00FD0A36 /* Info.plist */,
				161C6B351DC6C80A007BACC6 /* Radio.swift */,
				164573361DC6CC6F003B5E74 /* RadioModel.swift */,
			);
			path = aniradime;
			sourceTree = "<group>";
		};
		9E53B1985C69FE91079B7CED /* Pods */ = {
			isa = PBXGroup;
			children = (
				A25C60E3F35BF9BC1D74ACD5 /* Pods-aniradime.debug.xcconfig */,
				247E6829F5E5E7D4320191C7 /* Pods-aniradime.release.xcconfig */,
			);
			name = Pods;
			sourceTree = "<group>";
		};
/* End PBXGroup section */

/* Begin PBXNativeTarget section */
		16FC60BB1DC6AC8D00FD0A36 /* aniradime */ = {
			isa = PBXNativeTarget;
			buildConfigurationList = 16FC60CE1DC6AC8D00FD0A36 /* Build configuration list for PBXNativeTarget "aniradime" */;
			buildPhases = (
				54607D1C005CC6B2960947AA /* [CP] Check Pods Manifest.lock */,
				16FC60B81DC6AC8D00FD0A36 /* Sources */,
				16FC60B91DC6AC8D00FD0A36 /* Frameworks */,
				16FC60BA1DC6AC8D00FD0A36 /* Resources */,
				E64402279902E3FC714CE65D /* [CP] Embed Pods Frameworks */,
				2294DFA09C42E37359D2D42D /* [CP] Copy Pods Resources */,
			);
			buildRules = (
			);
			dependencies = (
			);
			name = aniradime;
			productName = aniradime;
			productReference = 16FC60BC1DC6AC8D00FD0A36 /* aniradime.app */;
			productType = "com.apple.product-type.application";
		};
/* End PBXNativeTarget section */

/* Begin PBXProject section */
		16FC60B41DC6AC8D00FD0A36 /* Project object */ = {
			isa = PBXProject;
			attributes = {
				LastSwiftUpdateCheck = 0810;
				LastUpgradeCheck = 0810;
				ORGANIZATIONNAME = rakuishi;
				TargetAttributes = {
					16FC60BB1DC6AC8D00FD0A36 = {
						CreatedOnToolsVersion = 8.1;
						DevelopmentTeam = CLLJ787FV4;
						ProvisioningStyle = Automatic;
					};
				};
			};
			buildConfigurationList = 16FC60B71DC6AC8D00FD0A36 /* Build configuration list for PBXProject "aniradime" */;
			compatibilityVersion = "Xcode 3.2";
			developmentRegion = English;
			hasScannedForEncodings = 0;
			knownRegions = (
				en,
				Base,
			);
			mainGroup = 16FC60B31DC6AC8D00FD0A36;
			productRefGroup = 16FC60BD1DC6AC8D00FD0A36 /* Products */;
			projectDirPath = "";
			projectRoot = "";
			targets = (
				16FC60BB1DC6AC8D00FD0A36 /* aniradime */,
			);
		};
/* End PBXProject section */

/* Begin PBXResourcesBuildPhase section */
		16FC60BA1DC6AC8D00FD0A36 /* Resources */ = {
			isa = PBXResourcesBuildPhase;
			buildActionMask = 2147483647;
			files = (
				16FC60CA1DC6AC8D00FD0A36 /* LaunchScreen.storyboard in Resources */,
				16FC60C71DC6AC8D00FD0A36 /* Assets.xcassets in Resources */,
				16FC60C51DC6AC8D00FD0A36 /* Main.storyboard in Resources */,
			);
			runOnlyForDeploymentPostprocessing = 0;
		};
/* End PBXResourcesBuildPhase section */

/* Begin PBXShellScriptBuildPhase section */
		2294DFA09C42E37359D2D42D /* [CP] Copy Pods Resources */ = {
			isa = PBXShellScriptBuildPhase;
			buildActionMask = 2147483647;
			files = (
			);
			inputPaths = (
			);
			name = "[CP] Copy Pods Resources";
			outputPaths = (
			);
			runOnlyForDeploymentPostprocessing = 0;
			shellPath = /bin/sh;
			shellScript = "\"${SRCROOT}/Pods/Target Support Files/Pods-aniradime/Pods-aniradime-resources.sh\"\n";
			showEnvVarsInLog = 0;
		};
		54607D1C005CC6B2960947AA /* [CP] Check Pods Manifest.lock */ = {
			isa = PBXShellScriptBuildPhase;
			buildActionMask = 2147483647;
			files = (
			);
			inputPaths = (
			);
			name = "[CP] Check Pods Manifest.lock";
			outputPaths = (
			);
			runOnlyForDeploymentPostprocessing = 0;
			shellPath = /bin/sh;
			shellScript = "diff \"${PODS_ROOT}/../Podfile.lock\" \"${PODS_ROOT}/Manifest.lock\" > /dev/null\nif [ $? != 0 ] ; then\n    # print error to STDERR\n    echo \"error: The sandbox is not in sync with the Podfile.lock. Run 'pod install' or update your CocoaPods installation.\" >&2\n    exit 1\nfi\n";
			showEnvVarsInLog = 0;
		};
		E64402279902E3FC714CE65D /* [CP] Embed Pods Frameworks */ = {
			isa = PBXShellScriptBuildPhase;
			buildActionMask = 2147483647;
			files = (
			);
			inputPaths = (
			);
			name = "[CP] Embed Pods Frameworks";
			outputPaths = (
			);
			runOnlyForDeploymentPostprocessing = 0;
			shellPath = /bin/sh;
			shellScript = "\"${SRCROOT}/Pods/Target Support Files/Pods-aniradime/Pods-aniradime-frameworks.sh\"\n";
			showEnvVarsInLog = 0;
		};
/* End PBXShellScriptBuildPhase section */

/* Begin PBXSourcesBuildPhase section */
		16FC60B81DC6AC8D00FD0A36 /* Sources */ = {
			isa = PBXSourcesBuildPhase;
			buildActionMask = 2147483647;
			files = (
				16FC60C21DC6AC8D00FD0A36 /* ViewController.swift in Sources */,
				16FC60C01DC6AC8D00FD0A36 /* AppDelegate.swift in Sources */,
				161C6B361DC6C80A007BACC6 /* Radio.swift in Sources */,
				164573371DC6CC6F003B5E74 /* RadioModel.swift in Sources */,
			);
			runOnlyForDeploymentPostprocessing = 0;
		};
/* End PBXSourcesBuildPhase section */

/* Begin PBXVariantGroup section */
		16FC60C31DC6AC8D00FD0A36 /* Main.storyboard */ = {
			isa = PBXVariantGroup;
			children = (
				16FC60C41DC6AC8D00FD0A36 /* Base */,
			);
			name = Main.storyboard;
			sourceTree = "<group>";
		};
		16FC60C81DC6AC8D00FD0A36 /* LaunchScreen.storyboard */ = {
			isa = PBXVariantGroup;
			children = (
				16FC60C91DC6AC8D00FD0A36 /* Base */,
			);
			name = LaunchScreen.storyboard;
			sourceTree = "<group>";
		};
/* End PBXVariantGroup section */

/* Begin XCBuildConfiguration section */
		16FC60CC1DC6AC8D00FD0A36 /* Debug */ = {
			isa = XCBuildConfiguration;
			buildSettings = {
				ALWAYS_SEARCH_USER_PATHS = NO;
				CLANG_ANALYZER_NONNULL = YES;
				CLANG_CXX_LANGUAGE_STANDARD = "gnu++0x";
				CLANG_CXX_LIBRARY = "libc++";
				CLANG_ENABLE_MODULES = YES;
				CLANG_ENABLE_OBJC_ARC = YES;
				CLANG_WARN_BOOL_CONVERSION = YES;
				CLANG_WARN_CONSTANT_CONVERSION = YES;
				CLANG_WARN_DIRECT_OBJC_ISA_USAGE = YES_ERROR;
				CLANG_WARN_DOCUMENTATION_COMMENTS = YES;
				CLANG_WARN_EMPTY_BODY = YES;
				CLANG_WARN_ENUM_CONVERSION = YES;
				CLANG_WARN_INFINITE_RECURSION = YES;
				CLANG_WARN_INT_CONVERSION = YES;
				CLANG_WARN_OBJC_ROOT_CLASS = YES_ERROR;
				CLANG_WARN_SUSPICIOUS_MOVES = YES;
				CLANG_WARN_UNREACHABLE_CODE = YES;
				CLANG_WARN__DUPLICATE_METHOD_MATCH = YES;
				"CODE_SIGN_IDENTITY[sdk=iphoneos*]" = "iPhone Developer";
				COPY_PHASE_STRIP = NO;
				DEBUG_INFORMATION_FORMAT = dwarf;
				ENABLE_STRICT_OBJC_MSGSEND = YES;
				ENABLE_TESTABILITY = YES;
				GCC_C_LANGUAGE_STANDARD = gnu99;
				GCC_DYNAMIC_NO_PIC = NO;
				GCC_NO_COMMON_BLOCKS = YES;
				GCC_OPTIMIZATION_LEVEL = 0;
				GCC_PREPROCESSOR_DEFINITIONS = (
					"DEBUG=1",
					"$(inherited)",
				);
				GCC_WARN_64_TO_32_BIT_CONVERSION = YES;
				GCC_WARN_ABOUT_RETURN_TYPE = YES_ERROR;
				GCC_WARN_UNDECLARED_SELECTOR = YES;
				GCC_WARN_UNINITIALIZED_AUTOS = YES_AGGRESSIVE;
				GCC_WARN_UNUSED_FUNCTION = YES;
				GCC_WARN_UNUSED_VARIABLE = YES;
				IPHONEOS_DEPLOYMENT_TARGET = 10.1;
				MTL_ENABLE_DEBUG_INFO = YES;
				ONLY_ACTIVE_ARCH = YES;
				SDKROOT = iphoneos;
				SWIFT_ACTIVE_COMPILATION_CONDITIONS = DEBUG;
				SWIFT_OPTIMIZATION_LEVEL = "-Onone";
			};
			name = Debug;
		};
		16FC60CD1DC6AC8D00FD0A36 /* Release */ = {
			isa = XCBuildConfiguration;
			buildSettings = {
				ALWAYS_SEARCH_USER_PATHS = NO;
				CLANG_ANALYZER_NONNULL = YES;
				CLANG_CXX_LANGUAGE_STANDARD = "gnu++0x";
				CLANG_CXX_LIBRARY = "libc++";
				CLANG_ENABLE_MODULES = YES;
				CLANG_ENABLE_OBJC_ARC = YES;
				CLANG_WARN_BOOL_CONVERSION = YES;
				CLANG_WARN_CONSTANT_CONVERSION = YES;
				CLANG_WARN_DIRECT_OBJC_ISA_USAGE = YES_ERROR;
				CLANG_WARN_DOCUMENTATION_COMMENTS = YES;
				CLANG_WARN_EMPTY_BODY = YES;
				CLANG_WARN_ENUM_CONVERSION = YES;
				CLANG_WARN_INFINITE_RECURSION = YES;
				CLANG_WARN_INT_CONVERSION = YES;
				CLANG_WARN_OBJC_ROOT_CLASS = YES_ERROR;
				CLANG_WARN_SUSPICIOUS_MOVES = YES;
				CLANG_WARN_UNREACHABLE_CODE = YES;
				CLANG_WARN__DUPLICATE_METHOD_MATCH = YES;
				"CODE_SIGN_IDENTITY[sdk=iphoneos*]" = "iPhone Developer";
				COPY_PHASE_STRIP = NO;
				DEBUG_INFORMATION_FORMAT = "dwarf-with-dsym";
				ENABLE_NS_ASSERTIONS = NO;
				ENABLE_STRICT_OBJC_MSGSEND = YES;
				GCC_C_LANGUAGE_STANDARD = gnu99;
				GCC_NO_COMMON_BLOCKS = YES;
				GCC_WARN_64_TO_32_BIT_CONVERSION = YES;
				GCC_WARN_ABOUT_RETURN_TYPE = YES_ERROR;
				GCC_WARN_UNDECLARED_SELECTOR = YES;
				GCC_WARN_UNINITIALIZED_AUTOS = YES_AGGRESSIVE;
				GCC_WARN_UNUSED_FUNCTION = YES;
				GCC_WARN_UNUSED_VARIABLE = YES;
				IPHONEOS_DEPLOYMENT_TARGET = 10.1;
				MTL_ENABLE_DEBUG_INFO = NO;
				SDKROOT = iphoneos;
				SWIFT_OPTIMIZATION_LEVEL = "-Owholemodule";
				VALIDATE_PRODUCT = YES;
			};
			name = Release;
		};
		16FC60CF1DC6AC8D00FD0A36 /* Debug */ = {
			isa = XCBuildConfiguration;
			baseConfigurationReference = A25C60E3F35BF9BC1D74ACD5 /* Pods-aniradime.debug.xcconfig */;
			buildSettings = {
				ASSETCATALOG_COMPILER_APPICON_NAME = AppIcon;
				DEVELOPMENT_TEAM = CLLJ787FV4;
				INFOPLIST_FILE = aniradime/Info.plist;
				IPHONEOS_DEPLOYMENT_TARGET = 10.0;
				LD_RUNPATH_SEARCH_PATHS = "$(inherited) @executable_path/Frameworks";
				PRODUCT_BUNDLE_IDENTIFIER = com.rakuishi.aniradime;
				PRODUCT_NAME = "$(TARGET_NAME)";
				SWIFT_VERSION = 3.0;
			};
			name = Debug;
		};
		16FC60D01DC6AC8D00FD0A36 /* Release */ = {
			isa = XCBuildConfiguration;
			baseConfigurationReference = 247E6829F5E5E7D4320191C7 /* Pods-aniradime.release.xcconfig */;
			buildSettings = {
				ASSETCATALOG_COMPILER_APPICON_NAME = AppIcon;
				DEVELOPMENT_TEAM = CLLJ787FV4;
				INFOPLIST_FILE = aniradime/Info.plist;
				IPHONEOS_DEPLOYMENT_TARGET = 10.0;
				LD_RUNPATH_SEARCH_PATHS = "$(inherited) @executable_path/Frameworks";
				PRODUCT_BUNDLE_IDENTIFIER = com.rakuishi.aniradime;
				PRODUCT_NAME = "$(TARGET_NAME)";
				SWIFT_VERSION = 3.0;
			};
			name = Release;
		};
/* End XCBuildConfiguration section */

/* Begin XCConfigurationList section */
		16FC60B71DC6AC8D00FD0A36 /* Build configuration list for PBXProject "aniradime" */ = {
			isa = XCConfigurationList;
			buildConfigurations = (
				16FC60CC1DC6AC8D00FD0A36 /* Debug */,
				16FC60CD1DC6AC8D00FD0A36 /* Release */,
			);
			defaultConfigurationIsVisible = 0;
			defaultConfigurationName = Release;
		};
		16FC60CE1DC6AC8D00FD0A36 /* Build configuration list for PBXNativeTarget "aniradime" */ = {
			isa = XCConfigurationList;
			buildConfigurations = (
				16FC60CF1DC6AC8D00FD0A36 /* Debug */,
				16FC60D01DC6AC8D00FD0A36 /* Release */,
			);
			defaultConfigurationIsVisible = 0;
			defaultConfigurationName = Release;
		};
/* End XCConfigurationList section */
	};
	rootObject = 16FC60B41DC6AC8D00FD0A36 /* Project object */;
}
